# This file is automatically @generated by Cargo.
# It is not intended for manual editing.
version = 4

[[package]]
name = "mr-cli"
version = "0.1.0"

[[package]]
name = "mr-core"
version = "0.1.0"

[[package]]
name = "mr-engine"
version = "0.1.0"

[[package]]
name = "mr-executor"
version = "0.1.0"

[[package]]
name = "mr-local-fs"
version = "0.1.0"
